
Microsoft Visual Studio Solution File, Format Version 12.00
# Visual Studio 15
VisualStudioVersion = 15.0.28307.329
MinimumVisualStudioVersion = 10.0.40219.1
Project("{FAE04EC0-301F-11D3-BF4B-00C04F79EFBC}") = "Conditional Statements Advanced", "Conditional Statements Advanced\Conditional Statements Advanced.csproj", "{66EB3743-8F0A-4D52-A5C9-164625E0FF0D}"
EndProject
Project("{FAE04EC0-301F-11D3-BF4B-00C04F79EFBC}") = "Cinema", "Cinema\Cinema.csproj", "{97E72D1F-BED3-47CE-B3A0-41F9D05C8317}"
EndProject
Project("{FAE04EC0-301F-11D3-BF4B-00C04F79EFBC}") = "Summer Outfit", "Summer Outfit\Summer Outfit.csproj", "{8ABFBF86-3650-4F89-ACEB-569E8F5D751F}"
EndProject
Project("{FAE04EC0-301F-11D3-BF4B-00C04F79EFBC}") = "New House", "New House\New House.csproj", "{7C9CA7B9-A4EA-4E36-9083-CC86752EE6D7}"
EndProject
Project("{FAE04EC0-301F-11D3-BF4B-00C04F79EFBC}") = "Fishing Boat", "Fishing Boat\Fishing Boat.csproj", "{5759017F-E052-49A1-BF75-A2EAB27DA943}"
EndProject
Global
	GlobalSection(SolutionConfigurationPlatforms) = preSolution
		Debug|Any CPU = Debug|Any CPU
		Release|Any CPU = Release|Any CPU
	EndGlobalSection
	GlobalSection(ProjectConfigurationPlatforms) = postSolution
		{66EB3743-8F0A-4D52-A5C9-164625E0FF0D}.Debug|Any CPU.ActiveCfg = Debug|Any CPU
		{66EB3743-8F0A-4D52-A5C9-164625E0FF0D}.Debug|Any CPU.Build.0 = Debug|Any CPU
		{66EB3743-8F0A-4D52-A5C9-164625E0FF0D}.Release|Any CPU.ActiveCfg = Release|Any CPU
		{66EB3743-8F0A-4D52-A5C9-164625E0FF0D}.Release|Any CPU.Build.0 = Release|Any CPU
		{97E72D1F-BED3-47CE-B3A0-41F9D05C8317}.Debug|Any CPU.ActiveCfg = Debug|Any CPU
		{97E72D1F-BED3-47CE-B3A0-41F9D05C8317}.Debug|Any CPU.Build.0 = Debug|Any CPU
		{97E72D1F-BED3-47CE-B3A0-41F9D05C8317}.Release|Any CPU.ActiveCfg = Release|Any CPU
		{97E72D1F-BED3-47CE-B3A0-41F9D05C8317}.Release|Any CPU.Build.0 = Release|Any CPU
		{8ABFBF86-3650-4F89-ACEB-569E8F5D751F}.Debug|Any CPU.ActiveCfg = Debug|Any CPU
		{8ABFBF86-3650-4F89-ACEB-569E8F5D751F}.Debug|Any CPU.Build.0 = Debug|Any CPU
		{8ABFBF86-3650-4F89-ACEB-569E8F5D751F}.Release|Any CPU.ActiveCfg = Release|Any CPU
		{8ABFBF86-3650-4F89-ACEB-569E8F5D751F}.Release|Any CPU.Build.0 = Release|Any CPU
		{7C9CA7B9-A4EA-4E36-9083-CC86752EE6D7}.Debug|Any CPU.ActiveCfg = Debug|Any CPU
		{7C9CA7B9-A4EA-4E36-9083-CC86752EE6D7}.Debug|Any CPU.Build.0 = Debug|Any CPU
		{7C9CA7B9-A4EA-4E36-9083-CC86752EE6D7}.Release|Any CPU.ActiveCfg = Release|Any CPU
		{7C9CA7B9-A4EA-4E36-9083-CC86752EE6D7}.Release|Any CPU.Build.0 = Release|Any CPU
		{5759017F-E052-49A1-BF75-A2EAB27DA943}.Debug|Any CPU.ActiveCfg = Debug|Any CPU
		{5759017F-E052-49A1-BF75-A2EAB27DA943}.Debug|Any CPU.Build.0 = Debug|Any CPU
		{5759017F-E052-49A1-BF75-A2EAB27DA943}.Release|Any CPU.ActiveCfg = Release|Any CPU
		{5759017F-E052-49A1-BF75-A2EAB27DA943}.Release|Any CPU.Build.0 = Release|Any CPU
	EndGlobalSection
	GlobalSection(SolutionProperties) = preSolution
		HideSolutionNode = FALSE
	EndGlobalSection
	GlobalSection(ExtensibilityGlobals) = postSolution
		SolutionGuid = {F9FD64EF-B97F-40C9-876C-467E681E9457}
	EndGlobalSection
EndGlobal
